{
  "originHash" : "7698c868796d59028cc5b9ef025011ea933c98927999dd93d78e328a9e319cc8",
  "pins" : [
    {
      "identity" : "kingfisher",
      "kind" : "remoteSourceControl",
      "location" : "https://github.com/onevcat/Kingfisher.git",
      "state" : {
        "revision" : "5b92f029fab2cce44386d28588098b5be0824ef5",
        "version" : "7.11.0"
      }
    },
    {
      "identity" : "lunar-swift",
      "kind" : "remoteSourceControl",
      "location" : "https://github.com/6tail/lunar-swift.git",
      "state" : {
        "revision" : "7d46c4d6297f45ed10a3b370b999167a02d59aea",
        "version" : "1.1.4"
      }
    },
    {
      "identity" : "popupview",
      "kind" : "remoteSourceControl",
      "location" : "https://github.com/exyte/PopupView.git",
      "state" : {
        "revision" : "23f3403fdfff15f80d62ab2811df93bb0aebd1da",
        "version" : "2.10.1"
      }
    },
    {
      "identity" : "swiftsoup",
      "kind" : "remoteSourceControl",
      "location" : "https://github.com/scinfu/SwiftSoup.git",
      "state" : {
        "revision" : "028487d4a8a291b2fe1b4392b5425b6172056148",
        "version" : "2.7.2"
      }
    },
    {
      "identity" : "swiftui-introspect",
      "kind" : "remoteSourceControl",
      "location" : "https://github.com/siteline/swiftui-introspect",
      "state" : {
        "revision" : "7dc5b287f8040e4ad5038739850b758e78f77808",
        "version" : "1.1.4"
      }
    }
  ],
  "version" : 3
}
